
Microsoft Visual Studio Solution File, Format Version 12.00
# Visual Studio Version 17
VisualStudioVersion = 17.9.34714.143
MinimumVisualStudioVersion = 10.0.40219.1
Project("{FAE04EC0-301F-11D3-BF4B-00C04F79EFBC}") = "LINQ_Book", "LINQ_Book\LINQ_Book.csproj", "{A2A26340-B641-4AF0-B8B1-A42FDE056A07}"
EndProject
Global
	GlobalSection(SolutionConfigurationPlatforms) = preSolution
		Debug|Any CPU = Debug|Any CPU
		Release|Any CPU = Release|Any CPU
	EndGlobalSection
	GlobalSection(ProjectConfigurationPlatforms) = postSolution
		{A2A26340-B641-4AF0-B8B1-A42FDE056A07}.Debug|Any CPU.ActiveCfg = Debug|Any CPU
		{A2A26340-B641-4AF0-B8B1-A42FDE056A07}.Debug|Any CPU.Build.0 = Debug|Any CPU
		{A2A26340-B641-4AF0-B8B1-A42FDE056A07}.Release|Any CPU.ActiveCfg = Release|Any CPU
		{A2A26340-B641-4AF0-B8B1-A42FDE056A07}.Release|Any CPU.Build.0 = Release|Any CPU
	EndGlobalSection
	GlobalSection(SolutionProperties) = preSolution
		HideSolutionNode = FALSE
	EndGlobalSection
	GlobalSection(ExtensibilityGlobals) = postSolution
		SolutionGuid = {33D211CF-9829-48ED-BB7C-04B3BD2C1330}
	EndGlobalSection
EndGlobal
