
Microsoft Visual Studio Solution File, Format Version 12.00
# Visual Studio Version 17
VisualStudioVersion = 17.9.34714.143
MinimumVisualStudioVersion = 10.0.40219.1
Project("{FAE04EC0-301F-11D3-BF4B-00C04F79EFBC}") = "LINQ2", "LINQ2\LINQ2.csproj", "{349BBA9F-F877-4705-B03C-CB9D3D50BA40}"
EndProject
Global
	GlobalSection(SolutionConfigurationPlatforms) = preSolution
		Debug|Any CPU = Debug|Any CPU
		Release|Any CPU = Release|Any CPU
	EndGlobalSection
	GlobalSection(ProjectConfigurationPlatforms) = postSolution
		{349BBA9F-F877-4705-B03C-CB9D3D50BA40}.Debug|Any CPU.ActiveCfg = Debug|Any CPU
		{349BBA9F-F877-4705-B03C-CB9D3D50BA40}.Debug|Any CPU.Build.0 = Debug|Any CPU
		{349BBA9F-F877-4705-B03C-CB9D3D50BA40}.Release|Any CPU.ActiveCfg = Release|Any CPU
		{349BBA9F-F877-4705-B03C-CB9D3D50BA40}.Release|Any CPU.Build.0 = Release|Any CPU
	EndGlobalSection
	GlobalSection(SolutionProperties) = preSolution
		HideSolutionNode = FALSE
	EndGlobalSection
	GlobalSection(ExtensibilityGlobals) = postSolution
		SolutionGuid = {737762A2-49F5-4D01-81AD-0051B59C6DFD}
	EndGlobalSection
EndGlobal
